
Microsoft Visual Studio Solution File, Format Version 12.00
# Visual Studio Version 16
VisualStudioVersion = 16.0.32002.261
MinimumVisualStudioVersion = 10.0.40219.1
Project("{FAE04EC0-301F-11D3-BF4B-00C04F79EFBC}") = "AutoCADCommands", "AutoCADCommands\AutoCADCommands.csproj", "{3B895B29-2254-4E03-BE38-578586133EE4}"
EndProject
Global
	GlobalSection(SolutionConfigurationPlatforms) = preSolution
		Debug|Any CPU = Debug|Any CPU
		Release|Any CPU = Release|Any CPU
	EndGlobalSection
	GlobalSection(ProjectConfigurationPlatforms) = postSolution
		{3B895B29-2254-4E03-BE38-578586133EE4}.Debug|Any CPU.ActiveCfg = Debug|Any CPU
		{3B895B29-2254-4E03-BE38-578586133EE4}.Debug|Any CPU.Build.0 = Debug|Any CPU
		{3B895B29-2254-4E03-BE38-578586133EE4}.Release|Any CPU.ActiveCfg = Release|Any CPU
		{3B895B29-2254-4E03-BE38-578586133EE4}.Release|Any CPU.Build.0 = Release|Any CPU
	EndGlobalSection
	GlobalSection(SolutionProperties) = preSolution
		HideSolutionNode = FALSE
	EndGlobalSection
	GlobalSection(ExtensibilityGlobals) = postSolution
		SolutionGuid = {750B4D25-A746-41C7-A229-1A684EF380A1}
	EndGlobalSection
EndGlobal
